
Microsoft Visual Studio Solution File, Format Version 12.00
# Visual Studio Version 17
VisualStudioVersion = 17.10.34916.146
MinimumVisualStudioVersion = 10.0.40219.1
Project("{2150E333-8FDC-42A3-9474-1A3956D46DE8}") = "01 API", "01 API", "{A9C1A63D-09DF-449C-B28A-99DFB1C04DDE}"
EndProject
Project("{2150E333-8FDC-42A3-9474-1A3956D46DE8}") = "02 Services", "02 Services", "{FED0633D-B622-4E88-B73A-B16197545B04}"
EndProject
Project("{2150E333-8FDC-42A3-9474-1A3956D46DE8}") = "04 Models", "04 Models", "{EB08FB2B-19BD-4C50-A86F-155B9BB3FE07}"
EndProject
Project("{2150E333-8FDC-42A3-9474-1A3956D46DE8}") = "03 Persistence", "03 Persistence", "{2393DF69-96BB-4F12-8D5F-E99758E41D24}"
EndProject
Project("{2150E333-8FDC-42A3-9474-1A3956D46DE8}") = "05 Services Common", "05 Services Common", "{D0EC9D3E-9B52-4F72-AD57-81795F996053}"
EndProject
Project("{9A19103F-16F7-4668-BE54-9A1E7A4F7556}") = "Domain", "Domain\Domain.csproj", "{6C680DAB-A0BC-4541-B60A-CA55C4C2EBAB}"
EndProject
Project("{9A19103F-16F7-4668-BE54-9A1E7A4F7556}") = "Persistence.Database", "Database\Persistence.Database.csproj", "{EB305DBF-8728-47A0-A416-9A0AD012009F}"
EndProject
Project("{9A19103F-16F7-4668-BE54-9A1E7A4F7556}") = "SYSPOTEC.API", "SYSPOTEC.API\SYSPOTEC.API.csproj", "{A7A09792-2266-4818-9FAE-5729F4D1910B}"
EndProject
Project("{9A19103F-16F7-4668-BE54-9A1E7A4F7556}") = "Response", "Response\Response.csproj", "{A81EC35B-ED79-4211-8E2E-BAB3D7DE7446}"
EndProject
Project("{9A19103F-16F7-4668-BE54-9A1E7A4F7556}") = "Service.Queries", "Service.Queries\Service.Queries.csproj", "{F260F23C-40DD-4937-8E3D-2024CE1FCC86}"
EndProject
Project("{FAE04EC0-301F-11D3-BF4B-00C04F79EFBC}") = "Users.Service.EventHandler", "Users.Service.EventHandler\Users.Service.EventHandler.csproj", "{1846C6E5-AE1B-4D60-966E-20FA9AA1BDBC}"
EndProject
Project("{FAE04EC0-301F-11D3-BF4B-00C04F79EFBC}") = "Roles.Service.EventHandler", "Roles.Service.EventHandler\Roles.Service.EventHandler.csproj", "{5C550C5D-FFD2-4B55-92CB-2E5DB67695A5}"
EndProject
Project("{FAE04EC0-301F-11D3-BF4B-00C04F79EFBC}") = "ContractsUsers.Service.EventHandler", "ContractsUsers\ContractsUsers.Service.EventHandler.csproj", "{D80A4C9C-E156-4A24-B605-62ADD4596492}"
EndProject
Global
	GlobalSection(SolutionConfigurationPlatforms) = preSolution
		Debug|Any CPU = Debug|Any CPU
		Release|Any CPU = Release|Any CPU
	EndGlobalSection
	GlobalSection(ProjectConfigurationPlatforms) = postSolution
		{6C680DAB-A0BC-4541-B60A-CA55C4C2EBAB}.Debug|Any CPU.ActiveCfg = Debug|Any CPU
		{6C680DAB-A0BC-4541-B60A-CA55C4C2EBAB}.Debug|Any CPU.Build.0 = Debug|Any CPU
		{6C680DAB-A0BC-4541-B60A-CA55C4C2EBAB}.Release|Any CPU.ActiveCfg = Release|Any CPU
		{6C680DAB-A0BC-4541-B60A-CA55C4C2EBAB}.Release|Any CPU.Build.0 = Release|Any CPU
		{EB305DBF-8728-47A0-A416-9A0AD012009F}.Debug|Any CPU.ActiveCfg = Debug|Any CPU
		{EB305DBF-8728-47A0-A416-9A0AD012009F}.Debug|Any CPU.Build.0 = Debug|Any CPU
		{EB305DBF-8728-47A0-A416-9A0AD012009F}.Release|Any CPU.ActiveCfg = Release|Any CPU
		{EB305DBF-8728-47A0-A416-9A0AD012009F}.Release|Any CPU.Build.0 = Release|Any CPU
		{A7A09792-2266-4818-9FAE-5729F4D1910B}.Debug|Any CPU.ActiveCfg = Debug|Any CPU
		{A7A09792-2266-4818-9FAE-5729F4D1910B}.Debug|Any CPU.Build.0 = Debug|Any CPU
		{A7A09792-2266-4818-9FAE-5729F4D1910B}.Release|Any CPU.ActiveCfg = Release|Any CPU
		{A7A09792-2266-4818-9FAE-5729F4D1910B}.Release|Any CPU.Build.0 = Release|Any CPU
		{A81EC35B-ED79-4211-8E2E-BAB3D7DE7446}.Debug|Any CPU.ActiveCfg = Debug|Any CPU
		{A81EC35B-ED79-4211-8E2E-BAB3D7DE7446}.Debug|Any CPU.Build.0 = Debug|Any CPU
		{A81EC35B-ED79-4211-8E2E-BAB3D7DE7446}.Release|Any CPU.ActiveCfg = Release|Any CPU
		{A81EC35B-ED79-4211-8E2E-BAB3D7DE7446}.Release|Any CPU.Build.0 = Release|Any CPU
		{F260F23C-40DD-4937-8E3D-2024CE1FCC86}.Debug|Any CPU.ActiveCfg = Debug|Any CPU
		{F260F23C-40DD-4937-8E3D-2024CE1FCC86}.Debug|Any CPU.Build.0 = Debug|Any CPU
		{F260F23C-40DD-4937-8E3D-2024CE1FCC86}.Release|Any CPU.ActiveCfg = Release|Any CPU
		{F260F23C-40DD-4937-8E3D-2024CE1FCC86}.Release|Any CPU.Build.0 = Release|Any CPU
		{1846C6E5-AE1B-4D60-966E-20FA9AA1BDBC}.Debug|Any CPU.ActiveCfg = Debug|Any CPU
		{1846C6E5-AE1B-4D60-966E-20FA9AA1BDBC}.Debug|Any CPU.Build.0 = Debug|Any CPU
		{1846C6E5-AE1B-4D60-966E-20FA9AA1BDBC}.Release|Any CPU.ActiveCfg = Release|Any CPU
		{1846C6E5-AE1B-4D60-966E-20FA9AA1BDBC}.Release|Any CPU.Build.0 = Release|Any CPU
		{5C550C5D-FFD2-4B55-92CB-2E5DB67695A5}.Debug|Any CPU.ActiveCfg = Debug|Any CPU
		{5C550C5D-FFD2-4B55-92CB-2E5DB67695A5}.Debug|Any CPU.Build.0 = Debug|Any CPU
		{5C550C5D-FFD2-4B55-92CB-2E5DB67695A5}.Release|Any CPU.ActiveCfg = Release|Any CPU
		{5C550C5D-FFD2-4B55-92CB-2E5DB67695A5}.Release|Any CPU.Build.0 = Release|Any CPU
		{D80A4C9C-E156-4A24-B605-62ADD4596492}.Debug|Any CPU.ActiveCfg = Debug|Any CPU
		{D80A4C9C-E156-4A24-B605-62ADD4596492}.Debug|Any CPU.Build.0 = Debug|Any CPU
		{D80A4C9C-E156-4A24-B605-62ADD4596492}.Release|Any CPU.ActiveCfg = Release|Any CPU
		{D80A4C9C-E156-4A24-B605-62ADD4596492}.Release|Any CPU.Build.0 = Release|Any CPU
	EndGlobalSection
	GlobalSection(SolutionProperties) = preSolution
		HideSolutionNode = FALSE
	EndGlobalSection
	GlobalSection(NestedProjects) = preSolution
		{6C680DAB-A0BC-4541-B60A-CA55C4C2EBAB} = {EB08FB2B-19BD-4C50-A86F-155B9BB3FE07}
		{EB305DBF-8728-47A0-A416-9A0AD012009F} = {2393DF69-96BB-4F12-8D5F-E99758E41D24}
		{A7A09792-2266-4818-9FAE-5729F4D1910B} = {A9C1A63D-09DF-449C-B28A-99DFB1C04DDE}
		{A81EC35B-ED79-4211-8E2E-BAB3D7DE7446} = {D0EC9D3E-9B52-4F72-AD57-81795F996053}
		{F260F23C-40DD-4937-8E3D-2024CE1FCC86} = {FED0633D-B622-4E88-B73A-B16197545B04}
		{1846C6E5-AE1B-4D60-966E-20FA9AA1BDBC} = {FED0633D-B622-4E88-B73A-B16197545B04}
		{5C550C5D-FFD2-4B55-92CB-2E5DB67695A5} = {FED0633D-B622-4E88-B73A-B16197545B04}
		{D80A4C9C-E156-4A24-B605-62ADD4596492} = {FED0633D-B622-4E88-B73A-B16197545B04}
	EndGlobalSection
	GlobalSection(ExtensibilityGlobals) = postSolution
		SolutionGuid = {279FED1D-E44A-4A0F-9647-13D0BAC1E56A}
	EndGlobalSection
EndGlobal
